
Microsoft Visual Studio Solution File, Format Version 12.00
# Visual Studio Version 17
VisualStudioVersion = 17.4.33103.184
MinimumVisualStudioVersion = 10.0.40219.1
Project("{FAE04EC0-301F-11D3-BF4B-00C04F79EFBC}") = "Automation", "Automation.csproj", "{39DA8AAE-CDC7-4749-B4A0-232B37EFC89B}"
EndProject
Global
	GlobalSection(SolutionConfigurationPlatforms) = preSolution
		Debug|Any CPU = Debug|Any CPU
		Release|Any CPU = Release|Any CPU
	EndGlobalSection
	GlobalSection(ProjectConfigurationPlatforms) = postSolution
		{39DA8AAE-CDC7-4749-B4A0-232B37EFC89B}.Debug|Any CPU.ActiveCfg = Debug|Any CPU
		{39DA8AAE-CDC7-4749-B4A0-232B37EFC89B}.Debug|Any CPU.Build.0 = Debug|Any CPU
		{39DA8AAE-CDC7-4749-B4A0-232B37EFC89B}.Release|Any CPU.ActiveCfg = Release|Any CPU
		{39DA8AAE-CDC7-4749-B4A0-232B37EFC89B}.Release|Any CPU.Build.0 = Release|Any CPU
	EndGlobalSection
	GlobalSection(SolutionProperties) = preSolution
		HideSolutionNode = FALSE
	EndGlobalSection
	GlobalSection(ExtensibilityGlobals) = postSolution
		SolutionGuid = {361FA8F4-0BEB-43B2-BDCC-F60C0114794B}
	EndGlobalSection
EndGlobal
